
Microsoft Visual Studio Solution File, Format Version 12.00
# Visual Studio Version 16
VisualStudioVersion = 16.0.29306.81
MinimumVisualStudioVersion = 10.0.40219.1
Project("{8BC9CEB8-8B4A-11D0-8D11-00A0C91BC942}") = "Selection sort", "Selection sort\Selection sort.vcxproj", "{4577D9FA-4AAD-41F2-9ED5-9D744FEFB768}"
EndProject
Global
	GlobalSection(SolutionConfigurationPlatforms) = preSolution
		Debug|x64 = Debug|x64
		Debug|x86 = Debug|x86
		Release|x64 = Release|x64
		Release|x86 = Release|x86
	EndGlobalSection
	GlobalSection(ProjectConfigurationPlatforms) = postSolution
		{4577D9FA-4AAD-41F2-9ED5-9D744FEFB768}.Debug|x64.ActiveCfg = Debug|x64
		{4577D9FA-4AAD-41F2-9ED5-9D744FEFB768}.Debug|x64.Build.0 = Debug|x64
		{4577D9FA-4AAD-41F2-9ED5-9D744FEFB768}.Debug|x86.ActiveCfg = Debug|Win32
		{4577D9FA-4AAD-41F2-9ED5-9D744FEFB768}.Debug|x86.Build.0 = Debug|Win32
		{4577D9FA-4AAD-41F2-9ED5-9D744FEFB768}.Release|x64.ActiveCfg = Release|x64
		{4577D9FA-4AAD-41F2-9ED5-9D744FEFB768}.Release|x64.Build.0 = Release|x64
		{4577D9FA-4AAD-41F2-9ED5-9D744FEFB768}.Release|x86.ActiveCfg = Release|Win32
		{4577D9FA-4AAD-41F2-9ED5-9D744FEFB768}.Release|x86.Build.0 = Release|Win32
	EndGlobalSection
	GlobalSection(SolutionProperties) = preSolution
		HideSolutionNode = FALSE
	EndGlobalSection
	GlobalSection(ExtensibilityGlobals) = postSolution
		SolutionGuid = {EADDA746-CA23-453B-B59D-4CCBAFBA5E77}
	EndGlobalSection
EndGlobal
